
Microsoft Visual Studio Solution File, Format Version 12.00
# Visual Studio Version 17
VisualStudioVersion = 17.9.34607.119
MinimumVisualStudioVersion = 10.0.40219.1
Project("{FAE04EC0-301F-11D3-BF4B-00C04F79EFBC}") = "WinFormsApp1", "WinFormsApp1\WinFormsApp1.csproj", "{D8C52DD7-595A-4114-A2E3-9E825477F03A}"
EndProject
Project("{FAE04EC0-301F-11D3-BF4B-00C04F79EFBC}") = "Banco", "Banco\Banco.csproj", "{F2B20C55-E064-4E52-B059-8665540EADBA}"
EndProject
Global
	GlobalSection(SolutionConfigurationPlatforms) = preSolution
		Debug|Any CPU = Debug|Any CPU
		Release|Any CPU = Release|Any CPU
	EndGlobalSection
	GlobalSection(ProjectConfigurationPlatforms) = postSolution
		{D8C52DD7-595A-4114-A2E3-9E825477F03A}.Debug|Any CPU.ActiveCfg = Debug|Any CPU
		{D8C52DD7-595A-4114-A2E3-9E825477F03A}.Debug|Any CPU.Build.0 = Debug|Any CPU
		{D8C52DD7-595A-4114-A2E3-9E825477F03A}.Release|Any CPU.ActiveCfg = Release|Any CPU
		{D8C52DD7-595A-4114-A2E3-9E825477F03A}.Release|Any CPU.Build.0 = Release|Any CPU
		{F2B20C55-E064-4E52-B059-8665540EADBA}.Debug|Any CPU.ActiveCfg = Debug|Any CPU
		{F2B20C55-E064-4E52-B059-8665540EADBA}.Debug|Any CPU.Build.0 = Debug|Any CPU
		{F2B20C55-E064-4E52-B059-8665540EADBA}.Release|Any CPU.ActiveCfg = Release|Any CPU
		{F2B20C55-E064-4E52-B059-8665540EADBA}.Release|Any CPU.Build.0 = Release|Any CPU
	EndGlobalSection
	GlobalSection(SolutionProperties) = preSolution
		HideSolutionNode = FALSE
	EndGlobalSection
	GlobalSection(ExtensibilityGlobals) = postSolution
		SolutionGuid = {FA239943-C040-4CFC-ABD6-00667C93E730}
	EndGlobalSection
EndGlobal
