
Microsoft Visual Studio Solution File, Format Version 12.00
# Visual Studio Version 17
VisualStudioVersion = 17.9.34607.119
MinimumVisualStudioVersion = 10.0.40219.1
Project("{FAE04EC0-301F-11D3-BF4B-00C04F79EFBC}") = "Geometria", "Geometria\Geometria.csproj", "{D2DD5C9C-63A3-43FE-BD1E-A928F005E180}"
EndProject
Global
	GlobalSection(SolutionConfigurationPlatforms) = preSolution
		Debug|Any CPU = Debug|Any CPU
		Release|Any CPU = Release|Any CPU
	EndGlobalSection
	GlobalSection(ProjectConfigurationPlatforms) = postSolution
		{D2DD5C9C-63A3-43FE-BD1E-A928F005E180}.Debug|Any CPU.ActiveCfg = Debug|Any CPU
		{D2DD5C9C-63A3-43FE-BD1E-A928F005E180}.Debug|Any CPU.Build.0 = Debug|Any CPU
		{D2DD5C9C-63A3-43FE-BD1E-A928F005E180}.Release|Any CPU.ActiveCfg = Release|Any CPU
		{D2DD5C9C-63A3-43FE-BD1E-A928F005E180}.Release|Any CPU.Build.0 = Release|Any CPU
	EndGlobalSection
	GlobalSection(SolutionProperties) = preSolution
		HideSolutionNode = FALSE
	EndGlobalSection
	GlobalSection(ExtensibilityGlobals) = postSolution
		SolutionGuid = {B160DF5C-CDAD-4FCE-848D-5F0C422BF38A}
	EndGlobalSection
EndGlobal
