
Microsoft Visual Studio Solution File, Format Version 12.00
# Visual Studio Version 17
VisualStudioVersion = 17.9.34607.119
MinimumVisualStudioVersion = 10.0.40219.1
Project("{FAE04EC0-301F-11D3-BF4B-00C04F79EFBC}") = "RelatorioVendas", "RelatorioVendas.csproj", "{F537A092-3DAE-4082-8BA5-DEA87991A52B}"
EndProject
Global
	GlobalSection(SolutionConfigurationPlatforms) = preSolution
		Debug|Any CPU = Debug|Any CPU
		Release|Any CPU = Release|Any CPU
	EndGlobalSection
	GlobalSection(ProjectConfigurationPlatforms) = postSolution
		{F537A092-3DAE-4082-8BA5-DEA87991A52B}.Debug|Any CPU.ActiveCfg = Debug|Any CPU
		{F537A092-3DAE-4082-8BA5-DEA87991A52B}.Debug|Any CPU.Build.0 = Debug|Any CPU
		{F537A092-3DAE-4082-8BA5-DEA87991A52B}.Release|Any CPU.ActiveCfg = Release|Any CPU
		{F537A092-3DAE-4082-8BA5-DEA87991A52B}.Release|Any CPU.Build.0 = Release|Any CPU
	EndGlobalSection
	GlobalSection(SolutionProperties) = preSolution
		HideSolutionNode = FALSE
	EndGlobalSection
	GlobalSection(ExtensibilityGlobals) = postSolution
		SolutionGuid = {558F0FFD-A798-4121-8F02-E98D288A2CC7}
	EndGlobalSection
EndGlobal
